<?xml version="1.0" encoding="UTF-8"?>
<Project ToolsVersion="14.0" xmlns="http://schemas.microsoft.com/developer/msbuild/2003">
  <ItemGroup>
    <CustomBuild Include="C:\Users\Tobbe\Desktop\edan35\binaries\CMakeFiles\118e61618a267dd4330c183d694a2058\INSTALL_force.rule">
      <Filter>CMake Rules</Filter>
    </CustomBuild>
  </ItemGroup>
  <ItemGroup>
    <Filter Include="CMake Rules">
      <UniqueIdentifier>{E7873FBD-8407-3433-A14B-71F3C03EB495}</UniqueIdentifier>
    </Filter>
  </ItemGroup>
</Project>
