Microsoft Visual Studio Solution File, Format Version 12.00
# Visual Studio 14
Project("{2150E333-8FDC-42A3-9474-1A3956D46DE8}") = "CMakePredefinedTargets", "CMakePredefinedTargets", "{3CCD88B8-CE21-38E1-AC98-820711A94235}"
EndProject
Project("{2150E333-8FDC-42A3-9474-1A3956D46DE8}") = "ExternalProjectTargets", "ExternalProjectTargets", "{1A71B5CE-6CC8-39F7-9438-A1395DEFA4CC}"
EndProject
Project("{2150E333-8FDC-42A3-9474-1A3956D46DE8}") = "assimp", "ExternalProjectTargets\assimp", "{22DA2DF4-5B5B-30E3-A4B0-67C44DF50BB3}"
EndProject
Project("{2150E333-8FDC-42A3-9474-1A3956D46DE8}") = "imgui", "ExternalProjectTargets\imgui", "{3E4EDE92-CCAD-3CFA-8583-5EC7A0BF1C45}"
EndProject
Project("{2150E333-8FDC-42A3-9474-1A3956D46DE8}") = "GLFW3", "GLFW3", "{D590A387-0ECB-30CC-9E17-F574754B2531}"
EndProject
Project("{8BC9CEB8-8B4A-11D0-8D11-00A0C91BC942}") = "EDA221_Assignment1", "EDA221_Assignment1.vcxproj", "{580B2EA6-FCC8-34F8-B028-716F6985D0B1}"
	ProjectSection(ProjectDependencies) = postProject
		{4CA33ABF-C100-3BC7-9BFC-F177408524D8} = {4CA33ABF-C100-3BC7-9BFC-F177408524D8}
		{3AC225CC-FBC6-32A3-8392-6FE1FA82A89F} = {3AC225CC-FBC6-32A3-8392-6FE1FA82A89F}
		{35070A47-BE80-38EA-A16D-721D2166DF18} = {35070A47-BE80-38EA-A16D-721D2166DF18}
		{4B1B52B1-EA88-36D9-9C8D-AD2B8688998B} = {4B1B52B1-EA88-36D9-9C8D-AD2B8688998B}
	EndProjectSection
EndProject
Project("{8BC9CEB8-8B4A-11D0-8D11-00A0C91BC942}") = "ALL_BUILD", "ALL_BUILD.vcxproj", "{2739852C-52B0-326F-B9CF-85B5134DBDD1}"
	ProjectSection(ProjectDependencies) = postProject
		{580B2EA6-FCC8-34F8-B028-716F6985D0B1} = {580B2EA6-FCC8-34F8-B028-716F6985D0B1}
		{4CA33ABF-C100-3BC7-9BFC-F177408524D8} = {4CA33ABF-C100-3BC7-9BFC-F177408524D8}
	EndProjectSection
EndProject
Project("{8BC9CEB8-8B4A-11D0-8D11-00A0C91BC942}") = "INSTALL", "INSTALL.vcxproj", "{39BF3677-61B6-3F26-AF07-94D1AB9D1D4A}"
	ProjectSection(ProjectDependencies) = postProject
		{2739852C-52B0-326F-B9CF-85B5134DBDD1} = {2739852C-52B0-326F-B9CF-85B5134DBDD1}
		{4CA33ABF-C100-3BC7-9BFC-F177408524D8} = {4CA33ABF-C100-3BC7-9BFC-F177408524D8}
	EndProjectSection
EndProject
Project("{8BC9CEB8-8B4A-11D0-8D11-00A0C91BC942}") = "ZERO_CHECK", "..\..\\ZERO_CHECK.vcxproj", "{4CA33ABF-C100-3BC7-9BFC-F177408524D8}"
	ProjectSection(ProjectDependencies) = postProject
	EndProjectSection
EndProject
Project("{8BC9CEB8-8B4A-11D0-8D11-00A0C91BC942}") = "assimp", "..\..\\assimp.vcxproj", "{E93991F6-FB23-3C6C-9C2D-F7857C65A607}"
	ProjectSection(ProjectDependencies) = postProject
		{4CA33ABF-C100-3BC7-9BFC-F177408524D8} = {4CA33ABF-C100-3BC7-9BFC-F177408524D8}
	EndProjectSection
EndProject
Project("{8BC9CEB8-8B4A-11D0-8D11-00A0C91BC942}") = "bonobo", "..\core\bonobo.vcxproj", "{3AC225CC-FBC6-32A3-8392-6FE1FA82A89F}"
	ProjectSection(ProjectDependencies) = postProject
		{4CA33ABF-C100-3BC7-9BFC-F177408524D8} = {4CA33ABF-C100-3BC7-9BFC-F177408524D8}
		{35070A47-BE80-38EA-A16D-721D2166DF18} = {35070A47-BE80-38EA-A16D-721D2166DF18}
		{4B1B52B1-EA88-36D9-9C8D-AD2B8688998B} = {4B1B52B1-EA88-36D9-9C8D-AD2B8688998B}
		{7FC335E9-DF7B-3E2A-9332-A1185E4C9FE7} = {7FC335E9-DF7B-3E2A-9332-A1185E4C9FE7}
	EndProjectSection
EndProject
Project("{8BC9CEB8-8B4A-11D0-8D11-00A0C91BC942}") = "external_libs", "..\external\external_libs.vcxproj", "{35070A47-BE80-38EA-A16D-721D2166DF18}"
	ProjectSection(ProjectDependencies) = postProject
		{4CA33ABF-C100-3BC7-9BFC-F177408524D8} = {4CA33ABF-C100-3BC7-9BFC-F177408524D8}
		{4B1B52B1-EA88-36D9-9C8D-AD2B8688998B} = {4B1B52B1-EA88-36D9-9C8D-AD2B8688998B}
		{7FC335E9-DF7B-3E2A-9332-A1185E4C9FE7} = {7FC335E9-DF7B-3E2A-9332-A1185E4C9FE7}
	EndProjectSection
EndProject
Project("{8BC9CEB8-8B4A-11D0-8D11-00A0C91BC942}") = "glfw", "..\..\glfw\binary\src\glfw.vcxproj", "{4B1B52B1-EA88-36D9-9C8D-AD2B8688998B}"
	ProjectSection(ProjectDependencies) = postProject
		{4CA33ABF-C100-3BC7-9BFC-F177408524D8} = {4CA33ABF-C100-3BC7-9BFC-F177408524D8}
	EndProjectSection
EndProject
Project("{8BC9CEB8-8B4A-11D0-8D11-00A0C91BC942}") = "imgui", "..\..\\imgui.vcxproj", "{F75E3E99-01F1-3883-8A7A-8139C0C68C59}"
	ProjectSection(ProjectDependencies) = postProject
		{4CA33ABF-C100-3BC7-9BFC-F177408524D8} = {4CA33ABF-C100-3BC7-9BFC-F177408524D8}
	EndProjectSection
EndProject
Project("{8BC9CEB8-8B4A-11D0-8D11-00A0C91BC942}") = "project_dep", "..\..\\project_dep.vcxproj", "{7FC335E9-DF7B-3E2A-9332-A1185E4C9FE7}"
	ProjectSection(ProjectDependencies) = postProject
		{4CA33ABF-C100-3BC7-9BFC-F177408524D8} = {4CA33ABF-C100-3BC7-9BFC-F177408524D8}
		{E93991F6-FB23-3C6C-9C2D-F7857C65A607} = {E93991F6-FB23-3C6C-9C2D-F7857C65A607}
		{F75E3E99-01F1-3883-8A7A-8139C0C68C59} = {F75E3E99-01F1-3883-8A7A-8139C0C68C59}
	EndProjectSection
EndProject
Global
	GlobalSection(SolutionConfigurationPlatforms) = preSolution
		Debug|x64 = Debug|x64
		Release|x64 = Release|x64
		RelWithDebInfo|x64 = RelWithDebInfo|x64
	EndGlobalSection
	GlobalSection(ProjectConfigurationPlatforms) = postSolution
		{580B2EA6-FCC8-34F8-B028-716F6985D0B1}.Debug|x64.ActiveCfg = Debug|x64
		{580B2EA6-FCC8-34F8-B028-716F6985D0B1}.Debug|x64.Build.0 = Debug|x64
		{580B2EA6-FCC8-34F8-B028-716F6985D0B1}.Release|x64.ActiveCfg = Release|x64
		{580B2EA6-FCC8-34F8-B028-716F6985D0B1}.Release|x64.Build.0 = Release|x64
		{580B2EA6-FCC8-34F8-B028-716F6985D0B1}.RelWithDebInfo|x64.ActiveCfg = RelWithDebInfo|x64
		{580B2EA6-FCC8-34F8-B028-716F6985D0B1}.RelWithDebInfo|x64.Build.0 = RelWithDebInfo|x64
		{2739852C-52B0-326F-B9CF-85B5134DBDD1}.Debug|x64.ActiveCfg = Debug|x64
		{2739852C-52B0-326F-B9CF-85B5134DBDD1}.Debug|x64.Build.0 = Debug|x64
		{2739852C-52B0-326F-B9CF-85B5134DBDD1}.Release|x64.ActiveCfg = Release|x64
		{2739852C-52B0-326F-B9CF-85B5134DBDD1}.Release|x64.Build.0 = Release|x64
		{2739852C-52B0-326F-B9CF-85B5134DBDD1}.RelWithDebInfo|x64.ActiveCfg = RelWithDebInfo|x64
		{2739852C-52B0-326F-B9CF-85B5134DBDD1}.RelWithDebInfo|x64.Build.0 = RelWithDebInfo|x64
		{39BF3677-61B6-3F26-AF07-94D1AB9D1D4A}.Debug|x64.ActiveCfg = Debug|x64
		{39BF3677-61B6-3F26-AF07-94D1AB9D1D4A}.Release|x64.ActiveCfg = Release|x64
		{39BF3677-61B6-3F26-AF07-94D1AB9D1D4A}.RelWithDebInfo|x64.ActiveCfg = RelWithDebInfo|x64
		{4CA33ABF-C100-3BC7-9BFC-F177408524D8}.Debug|x64.ActiveCfg = Debug|x64
		{4CA33ABF-C100-3BC7-9BFC-F177408524D8}.Debug|x64.Build.0 = Debug|x64
		{4CA33ABF-C100-3BC7-9BFC-F177408524D8}.Release|x64.ActiveCfg = Release|x64
		{4CA33ABF-C100-3BC7-9BFC-F177408524D8}.Release|x64.Build.0 = Release|x64
		{4CA33ABF-C100-3BC7-9BFC-F177408524D8}.RelWithDebInfo|x64.ActiveCfg = RelWithDebInfo|x64
		{4CA33ABF-C100-3BC7-9BFC-F177408524D8}.RelWithDebInfo|x64.Build.0 = RelWithDebInfo|x64
		{E93991F6-FB23-3C6C-9C2D-F7857C65A607}.Debug|x64.ActiveCfg = Debug|x64
		{E93991F6-FB23-3C6C-9C2D-F7857C65A607}.Debug|x64.Build.0 = Debug|x64
		{E93991F6-FB23-3C6C-9C2D-F7857C65A607}.Release|x64.ActiveCfg = Release|x64
		{E93991F6-FB23-3C6C-9C2D-F7857C65A607}.Release|x64.Build.0 = Release|x64
		{E93991F6-FB23-3C6C-9C2D-F7857C65A607}.RelWithDebInfo|x64.ActiveCfg = RelWithDebInfo|x64
		{E93991F6-FB23-3C6C-9C2D-F7857C65A607}.RelWithDebInfo|x64.Build.0 = RelWithDebInfo|x64
		{3AC225CC-FBC6-32A3-8392-6FE1FA82A89F}.Debug|x64.ActiveCfg = Debug|x64
		{3AC225CC-FBC6-32A3-8392-6FE1FA82A89F}.Debug|x64.Build.0 = Debug|x64
		{3AC225CC-FBC6-32A3-8392-6FE1FA82A89F}.Release|x64.ActiveCfg = Release|x64
		{3AC225CC-FBC6-32A3-8392-6FE1FA82A89F}.Release|x64.Build.0 = Release|x64
		{3AC225CC-FBC6-32A3-8392-6FE1FA82A89F}.RelWithDebInfo|x64.ActiveCfg = RelWithDebInfo|x64
		{3AC225CC-FBC6-32A3-8392-6FE1FA82A89F}.RelWithDebInfo|x64.Build.0 = RelWithDebInfo|x64
		{35070A47-BE80-38EA-A16D-721D2166DF18}.Debug|x64.ActiveCfg = Debug|x64
		{35070A47-BE80-38EA-A16D-721D2166DF18}.Debug|x64.Build.0 = Debug|x64
		{35070A47-BE80-38EA-A16D-721D2166DF18}.Release|x64.ActiveCfg = Release|x64
		{35070A47-BE80-38EA-A16D-721D2166DF18}.Release|x64.Build.0 = Release|x64
		{35070A47-BE80-38EA-A16D-721D2166DF18}.RelWithDebInfo|x64.ActiveCfg = RelWithDebInfo|x64
		{35070A47-BE80-38EA-A16D-721D2166DF18}.RelWithDebInfo|x64.Build.0 = RelWithDebInfo|x64
		{4B1B52B1-EA88-36D9-9C8D-AD2B8688998B}.Debug|x64.ActiveCfg = Debug|x64
		{4B1B52B1-EA88-36D9-9C8D-AD2B8688998B}.Debug|x64.Build.0 = Debug|x64
		{4B1B52B1-EA88-36D9-9C8D-AD2B8688998B}.Release|x64.ActiveCfg = Release|x64
		{4B1B52B1-EA88-36D9-9C8D-AD2B8688998B}.Release|x64.Build.0 = Release|x64
		{4B1B52B1-EA88-36D9-9C8D-AD2B8688998B}.RelWithDebInfo|x64.ActiveCfg = RelWithDebInfo|x64
		{4B1B52B1-EA88-36D9-9C8D-AD2B8688998B}.RelWithDebInfo|x64.Build.0 = RelWithDebInfo|x64
		{F75E3E99-01F1-3883-8A7A-8139C0C68C59}.Debug|x64.ActiveCfg = Debug|x64
		{F75E3E99-01F1-3883-8A7A-8139C0C68C59}.Debug|x64.Build.0 = Debug|x64
		{F75E3E99-01F1-3883-8A7A-8139C0C68C59}.Release|x64.ActiveCfg = Release|x64
		{F75E3E99-01F1-3883-8A7A-8139C0C68C59}.Release|x64.Build.0 = Release|x64
		{F75E3E99-01F1-3883-8A7A-8139C0C68C59}.RelWithDebInfo|x64.ActiveCfg = RelWithDebInfo|x64
		{F75E3E99-01F1-3883-8A7A-8139C0C68C59}.RelWithDebInfo|x64.Build.0 = RelWithDebInfo|x64
		{7FC335E9-DF7B-3E2A-9332-A1185E4C9FE7}.Debug|x64.ActiveCfg = Debug|x64
		{7FC335E9-DF7B-3E2A-9332-A1185E4C9FE7}.Debug|x64.Build.0 = Debug|x64
		{7FC335E9-DF7B-3E2A-9332-A1185E4C9FE7}.Release|x64.ActiveCfg = Release|x64
		{7FC335E9-DF7B-3E2A-9332-A1185E4C9FE7}.Release|x64.Build.0 = Release|x64
		{7FC335E9-DF7B-3E2A-9332-A1185E4C9FE7}.RelWithDebInfo|x64.ActiveCfg = RelWithDebInfo|x64
		{7FC335E9-DF7B-3E2A-9332-A1185E4C9FE7}.RelWithDebInfo|x64.Build.0 = RelWithDebInfo|x64
	EndGlobalSection
	GlobalSection(NestedProjects) = preSolution
		{2739852C-52B0-326F-B9CF-85B5134DBDD1} = {3CCD88B8-CE21-38E1-AC98-820711A94235}
		{39BF3677-61B6-3F26-AF07-94D1AB9D1D4A} = {3CCD88B8-CE21-38E1-AC98-820711A94235}
		{4CA33ABF-C100-3BC7-9BFC-F177408524D8} = {3CCD88B8-CE21-38E1-AC98-820711A94235}
		{22DA2DF4-5B5B-30E3-A4B0-67C44DF50BB3} = {1A71B5CE-6CC8-39F7-9438-A1395DEFA4CC}
		{3E4EDE92-CCAD-3CFA-8583-5EC7A0BF1C45} = {1A71B5CE-6CC8-39F7-9438-A1395DEFA4CC}
		{E93991F6-FB23-3C6C-9C2D-F7857C65A607} = {22DA2DF4-5B5B-30E3-A4B0-67C44DF50BB3}
		{F75E3E99-01F1-3883-8A7A-8139C0C68C59} = {3E4EDE92-CCAD-3CFA-8583-5EC7A0BF1C45}
		{4B1B52B1-EA88-36D9-9C8D-AD2B8688998B} = {D590A387-0ECB-30CC-9E17-F574754B2531}
	EndGlobalSection
	GlobalSection(ExtensibilityGlobals) = postSolution
	EndGlobalSection
	GlobalSection(ExtensibilityAddIns) = postSolution
	EndGlobalSection
EndGlobal
